
Microsoft Visual Studio Solution File, Format Version 12.00
# Visual Studio 15
VisualStudioVersion = 15.0.27703.2042
MinimumVisualStudioVersion = 10.0.40219.1
Project("{FAE04EC0-301F-11D3-BF4B-00C04F79EFBC}") = "PizzaApp", "PizzaApp\PizzaApp.csproj", "{26256555-390A-47B5-899E-7F1D404727B9}"
EndProject
Project("{FAE04EC0-301F-11D3-BF4B-00C04F79EFBC}") = "PizzaApp.Services.Abstract", "PizzaApp.Services.Abstract\PizzaApp.Services.Abstract.csproj", "{E5BD9C6A-26F9-4070-9A53-9D827F241F37}"
EndProject
Project("{FAE04EC0-301F-11D3-BF4B-00C04F79EFBC}") = "PizzaApp.Services", "PizzaApp.Services\PizzaApp.Services.csproj", "{654AE3EF-EA2C-44B1-847A-D4F17409409A}"
EndProject
Project("{FAE04EC0-301F-11D3-BF4B-00C04F79EFBC}") = "PizzaApp.DataAcces", "PizzaApp.DataAcces\PizzaApp.DataAcces.csproj", "{46E0C27F-277D-49BC-8758-D0360341DE88}"
EndProject
Project("{FAE04EC0-301F-11D3-BF4B-00C04F79EFBC}") = "PizzaApp.Models", "PizzaApp.Models\PizzaApp.Models.csproj", "{79ADB269-9060-40BB-B3AC-AFC9ADE393D5}"
EndProject
Global
	GlobalSection(SolutionConfigurationPlatforms) = preSolution
		Debug|Any CPU = Debug|Any CPU
		Release|Any CPU = Release|Any CPU
	EndGlobalSection
	GlobalSection(ProjectConfigurationPlatforms) = postSolution
		{26256555-390A-47B5-899E-7F1D404727B9}.Debug|Any CPU.ActiveCfg = Debug|Any CPU
		{26256555-390A-47B5-899E-7F1D404727B9}.Debug|Any CPU.Build.0 = Debug|Any CPU
		{26256555-390A-47B5-899E-7F1D404727B9}.Release|Any CPU.ActiveCfg = Release|Any CPU
		{26256555-390A-47B5-899E-7F1D404727B9}.Release|Any CPU.Build.0 = Release|Any CPU
		{E5BD9C6A-26F9-4070-9A53-9D827F241F37}.Debug|Any CPU.ActiveCfg = Debug|Any CPU
		{E5BD9C6A-26F9-4070-9A53-9D827F241F37}.Debug|Any CPU.Build.0 = Debug|Any CPU
		{E5BD9C6A-26F9-4070-9A53-9D827F241F37}.Release|Any CPU.ActiveCfg = Release|Any CPU
		{E5BD9C6A-26F9-4070-9A53-9D827F241F37}.Release|Any CPU.Build.0 = Release|Any CPU
		{654AE3EF-EA2C-44B1-847A-D4F17409409A}.Debug|Any CPU.ActiveCfg = Debug|Any CPU
		{654AE3EF-EA2C-44B1-847A-D4F17409409A}.Debug|Any CPU.Build.0 = Debug|Any CPU
		{654AE3EF-EA2C-44B1-847A-D4F17409409A}.Release|Any CPU.ActiveCfg = Release|Any CPU
		{654AE3EF-EA2C-44B1-847A-D4F17409409A}.Release|Any CPU.Build.0 = Release|Any CPU
		{46E0C27F-277D-49BC-8758-D0360341DE88}.Debug|Any CPU.ActiveCfg = Debug|Any CPU
		{46E0C27F-277D-49BC-8758-D0360341DE88}.Debug|Any CPU.Build.0 = Debug|Any CPU
		{46E0C27F-277D-49BC-8758-D0360341DE88}.Release|Any CPU.ActiveCfg = Release|Any CPU
		{46E0C27F-277D-49BC-8758-D0360341DE88}.Release|Any CPU.Build.0 = Release|Any CPU
		{79ADB269-9060-40BB-B3AC-AFC9ADE393D5}.Debug|Any CPU.ActiveCfg = Debug|Any CPU
		{79ADB269-9060-40BB-B3AC-AFC9ADE393D5}.Debug|Any CPU.Build.0 = Debug|Any CPU
		{79ADB269-9060-40BB-B3AC-AFC9ADE393D5}.Release|Any CPU.ActiveCfg = Release|Any CPU
		{79ADB269-9060-40BB-B3AC-AFC9ADE393D5}.Release|Any CPU.Build.0 = Release|Any CPU
	EndGlobalSection
	GlobalSection(SolutionProperties) = preSolution
		HideSolutionNode = FALSE
	EndGlobalSection
	GlobalSection(ExtensibilityGlobals) = postSolution
		SolutionGuid = {9C1459C0-71DE-45DB-87FB-8CA03163DF5C}
	EndGlobalSection
EndGlobal
